SITE
  remote: https://supermarket.getchef.com/api/v1
  specs:
    build-essential (2.2.3)
    chef_handler (1.1.6)
    dmg (2.2.2)
    git (2.10.0)
      build-essential (>= 0.0.0)
      dmg (>= 0.0.0)
      runit (>= 1.0.0)
      windows (>= 0.0.0)
      yum (~> 3.0)
      yum-epel (>= 0.0.0)
    packagecloud (0.0.17)
    runit (1.6.0)
      packagecloud (>= 0.0.0)
    windows (1.36.6)
      chef_handler (>= 0.0.0)
    yum (3.6.0)
    yum-epel (0.6.0)
      yum (~> 3.0)

DEPENDENCIES
  git (= 2.10.0)

